{
  "name": "kamiya-conjugator",
  "version": "1.0.0",
  "lockfileVersion": 1,
  "requires": true,
  "dependencies": {
    "@types/node": {
      "version": "10.5.6",
      "resolved": "https://registry.npmjs.org/@types/node/-/node-10.5.6.tgz",
      "integrity": "sha512-c5Z1j1ysgo4878ptz6gxLcgMfJ6Wf908R3l5KAGabr0XJ72ZFmOCgsaodPpNYTfp4iOrSwgTDvR/BxbFfB4zPQ==",
      "dev": true
    },
    "typescript": {
      "version": "3.0.1",
      "resolved": "https://registry.npmjs.org/typescript/-/typescript-3.0.1.tgz",
      "integrity": "sha512-zQIMOmC+372pC/CCVLqnQ0zSBiY7HHodU7mpQdjiZddek4GMj31I3dUJ7gAs9o65X7mnRma6OokOkc6f9jjfBg==",
      "dev": true
    }
  }
}
